
Microsoft Visual Studio Solution File, Format Version 12.00
# Visual Studio 14
VisualStudioVersion = 14.0.25420.1
MinimumVisualStudioVersion = 10.0.40219.1
Project("{FAE04EC0-301F-11D3-BF4B-00C04F79EFBC}") = "02HelloWorld", "02HelloWorld\02HelloWorld.csproj", "{D6E142ED-3041-4D45-8785-BB26737460CD}"
EndProject
Project("{FAE04EC0-301F-11D3-BF4B-00C04F79EFBC}") = "03ValueTypes", "03ValueTypes\03ValueTypes.csproj", "{492ED4B8-D89E-43DB-B46A-878E536E9B47}"
EndProject
Project("{FAE04EC0-301F-11D3-BF4B-00C04F79EFBC}") = "04RefType", "04RefType\04RefType.csproj", "{6D361557-25A9-4A9D-91FC-BFCA9251F1A1}"
EndProject
Global
	GlobalSection(SolutionConfigurationPlatforms) = preSolution
		Debug|Any CPU = Debug|Any CPU
		Release|Any CPU = Release|Any CPU
	EndGlobalSection
	GlobalSection(ProjectConfigurationPlatforms) = postSolution
		{D6E142ED-3041-4D45-8785-BB26737460CD}.Debug|Any CPU.ActiveCfg = Debug|Any CPU
		{D6E142ED-3041-4D45-8785-BB26737460CD}.Debug|Any CPU.Build.0 = Debug|Any CPU
		{D6E142ED-3041-4D45-8785-BB26737460CD}.Release|Any CPU.ActiveCfg = Release|Any CPU
		{D6E142ED-3041-4D45-8785-BB26737460CD}.Release|Any CPU.Build.0 = Release|Any CPU
		{492ED4B8-D89E-43DB-B46A-878E536E9B47}.Debug|Any CPU.ActiveCfg = Debug|Any CPU
		{492ED4B8-D89E-43DB-B46A-878E536E9B47}.Debug|Any CPU.Build.0 = Debug|Any CPU
		{492ED4B8-D89E-43DB-B46A-878E536E9B47}.Release|Any CPU.ActiveCfg = Release|Any CPU
		{492ED4B8-D89E-43DB-B46A-878E536E9B47}.Release|Any CPU.Build.0 = Release|Any CPU
		{6D361557-25A9-4A9D-91FC-BFCA9251F1A1}.Debug|Any CPU.ActiveCfg = Debug|Any CPU
		{6D361557-25A9-4A9D-91FC-BFCA9251F1A1}.Debug|Any CPU.Build.0 = Debug|Any CPU
		{6D361557-25A9-4A9D-91FC-BFCA9251F1A1}.Release|Any CPU.ActiveCfg = Release|Any CPU
		{6D361557-25A9-4A9D-91FC-BFCA9251F1A1}.Release|Any CPU.Build.0 = Release|Any CPU
	EndGlobalSection
	GlobalSection(SolutionProperties) = preSolution
		HideSolutionNode = FALSE
	EndGlobalSection
EndGlobal
